// !$*UTF8*$!
{
	archiveVersion = 1;
	classes = {
	};
	objectVersion = 56;
	objects = {

/* Begin PBXBuildFile section */
		7BDEF2DB2B6CC2A500111D62 /* AppDelegate.swift in Sources */ = {isa = PBXBuildFile; fileRef = 7BDEF2DA2B6CC2A500111D62 /* AppDelegate.swift */; };
		7BDEF2DD2B6CC2A500111D62 /* SceneDelegate.swift in Sources */ = {isa = PBXBuildFile; fileRef = 7BDEF2DC2B6CC2A500111D62 /* SceneDelegate.swift */; };
		7BDEF2DF2B6CC2A500111D62 /* ReusabelIdentifier.swift in Sources */ = {isa = PBXBuildFile; fileRef = 7BDEF2DE2B6CC2A500111D62 /* ReusabelIdentifier.swift */; };
		7BDEF2E42B6CC2A700111D62 /* Assets.xcassets in Resources */ = {isa = PBXBuildFile; fileRef = 7BDEF2E32B6CC2A700111D62 /* Assets.xcassets */; };
		7BDEF2E72B6CC2A700111D62 /* LaunchScreen.storyboard in Resources */ = {isa = PBXBuildFile; fileRef = 7BDEF2E52B6CC2A700111D62 /* LaunchScreen.storyboard */; };
		7BDEF2EF2B6CC2B300111D62 /* APIKey.swift in Sources */ = {isa = PBXBuildFile; fileRef = 7BDEF2EE2B6CC2B300111D62 /* APIKey.swift */; };
		7BDEF2F12B6CC2EA00111D62 /* .gitignore in Resources */ = {isa = PBXBuildFile; fileRef = 7BDEF2F02B6CC2EA00111D62 /* .gitignore */; };
		7BDEF2F52B6CC51400111D62 /* StartBaseView.swift in Sources */ = {isa = PBXBuildFile; fileRef = 7BDEF2F42B6CC51400111D62 /* StartBaseView.swift */; };
		7BDEF2F72B6CC5C800111D62 /* AllListBaseViewController.swift in Sources */ = {isa = PBXBuildFile; fileRef = 7BDEF2F62B6CC5C800111D62 /* AllListBaseViewController.swift */; };
		7BDEF2F92B6CC5F100111D62 /* DetailBaseView.swift in Sources */ = {isa = PBXBuildFile; fileRef = 7BDEF2F82B6CC5F100111D62 /* DetailBaseView.swift */; };
		7BDEF2FC2B6CC69500111D62 /* StartView.swift in Sources */ = {isa = PBXBuildFile; fileRef = 7BDEF2FB2B6CC69500111D62 /* StartView.swift */; };
		7BDEF2FE2B6CC6EF00111D62 /* AllListView.swift in Sources */ = {isa = PBXBuildFile; fileRef = 7BDEF2FD2B6CC6EF00111D62 /* AllListView.swift */; };
		7BDEF3002B6CC70B00111D62 /* DetailView.swift in Sources */ = {isa = PBXBuildFile; fileRef = 7BDEF2FF2B6CC70B00111D62 /* DetailView.swift */; };
		7BDEF3032B6CC7E100111D62 /* StartViewController.swift in Sources */ = {isa = PBXBuildFile; fileRef = 7BDEF3022B6CC7E100111D62 /* StartViewController.swift */; };
		7BDEF3052B6CC8C200111D62 /* BaseView.swift in Sources */ = {isa = PBXBuildFile; fileRef = 7BDEF3042B6CC8C200111D62 /* BaseView.swift */; };
		7BDEF3082B6CCB1900111D62 /* SnapKit in Frameworks */ = {isa = PBXBuildFile; productRef = 7BDEF3072B6CCB1900111D62 /* SnapKit */; };
		7BDEF30A2B6CCB1900111D62 /* SnapKit-Dynamic in Frameworks */ = {isa = PBXBuildFile; productRef = 7BDEF3092B6CCB1900111D62 /* SnapKit-Dynamic */; };
		7BDEF30D2B6CCB1F00111D62 /* Kingfisher in Frameworks */ = {isa = PBXBuildFile; productRef = 7BDEF30C2B6CCB1F00111D62 /* Kingfisher */; };
		7BDEF3102B6CCB2500111D62 /* Alamofire in Frameworks */ = {isa = PBXBuildFile; productRef = 7BDEF30F2B6CCB2500111D62 /* Alamofire */; };
		7BE61C682B6CCF5C006E3CAF /* StartViewSearchBar.swift in Sources */ = {isa = PBXBuildFile; fileRef = 7BE61C672B6CCF5C006E3CAF /* StartViewSearchBar.swift */; };
		7BE61C6C2B6CD078006E3CAF /* StartViewControllerTableCell.swift in Sources */ = {isa = PBXBuildFile; fileRef = 7BE61C6B2B6CD078006E3CAF /* StartViewControllerTableCell.swift */; };
		7BE61C712B6CDA0C006E3CAF /* UnderLineLabel.swift in Sources */ = {isa = PBXBuildFile; fileRef = 7BE61C702B6CDA0C006E3CAF /* UnderLineLabel.swift */; };
		7BE61C732B6CDE60006E3CAF /* StartViewCollectIonvIewCell.swift in Sources */ = {isa = PBXBuildFile; fileRef = 7BE61C722B6CDE60006E3CAF /* StartViewCollectIonvIewCell.swift */; };
		7BE61C762B6CE2EB006E3CAF /* APIModel.swift in Sources */ = {isa = PBXBuildFile; fileRef = 7BE61C752B6CE2EB006E3CAF /* APIModel.swift */; };
		7BE61C782B6CE301006E3CAF /* APIManager.swift in Sources */ = {isa = PBXBuildFile; fileRef = 7BE61C772B6CE301006E3CAF /* APIManager.swift */; };
		7BE61C7A2B6CEFAD006E3CAF /* TMDBAPI.swift in Sources */ = {isa = PBXBuildFile; fileRef = 7BE61C792B6CEFAD006E3CAF /* TMDBAPI.swift */; };
		7BE61C7F2B6D11B3006E3CAF /* ImageManager.swift in Sources */ = {isa = PBXBuildFile; fileRef = 7BE61C7E2B6D11B3006E3CAF /* ImageManager.swift */; };
		7BE61C822B6D26BF006E3CAF /* SectionText.swift in Sources */ = {isa = PBXBuildFile; fileRef = 7BE61C812B6D26BF006E3CAF /* SectionText.swift */; };
		7BE61C852B6D2FC1006E3CAF /* TransitionStyles.swift in Sources */ = {isa = PBXBuildFile; fileRef = 7BE61C842B6D2FC1006E3CAF /* TransitionStyles.swift */; };
		7BE61C872B6D3476006E3CAF /* DetailViewController.swift in Sources */ = {isa = PBXBuildFile; fileRef = 7BE61C862B6D3476006E3CAF /* DetailViewController.swift */; };
		7BE61C892B6D3A07006E3CAF /* DetailPosterViewCell.swift in Sources */ = {isa = PBXBuildFile; fileRef = 7BE61C882B6D3A07006E3CAF /* DetailPosterViewCell.swift */; };
		7BE61C8B2B6D3A1B006E3CAF /* BaseTableViewCell.swift in Sources */ = {isa = PBXBuildFile; fileRef = 7BE61C8A2B6D3A1B006E3CAF /* BaseTableViewCell.swift */; };
		7BE61C8D2B6D3ABE006E3CAF /* BaseCollectionViewCell.swift in Sources */ = {isa = PBXBuildFile; fileRef = 7BE61C8C2B6D3ABE006E3CAF /* BaseCollectionViewCell.swift */; };
		7BE61C902B6D3C17006E3CAF /* overviewView.swift in Sources */ = {isa = PBXBuildFile; fileRef = 7BE61C8F2B6D3C17006E3CAF /* overviewView.swift */; };
		7BE61C932B6D4165006E3CAF /* ReusableIdentifier.swift in Sources */ = {isa = PBXBuildFile; fileRef = 7BE61C922B6D4165006E3CAF /* ReusableIdentifier.swift */; };
		7BE61C952B6D61E7006E3CAF /* DetailRecommendCollectionViewCell.swift in Sources */ = {isa = PBXBuildFile; fileRef = 7BE61C942B6D61E7006E3CAF /* DetailRecommendCollectionViewCell.swift */; };
		7BE61C972B6D6221006E3CAF /* DetailRecommendTableViewCell.swift in Sources */ = {isa = PBXBuildFile; fileRef = 7BE61C962B6D6221006E3CAF /* DetailRecommendTableViewCell.swift */; };
		7BE61C992B6D65FC006E3CAF /* defaultHeaderLabel.swift in Sources */ = {isa = PBXBuildFile; fileRef = 7BE61C982B6D65FC006E3CAF /* defaultHeaderLabel.swift */; };
		7BE61C9C2B6E312F006E3CAF /* DateManager.swift in Sources */ = {isa = PBXBuildFile; fileRef = 7BE61C9B2B6E312F006E3CAF /* DateManager.swift */; };
		7BE61C9E2B6E3D9C006E3CAF /* AllListViewControler.swift in Sources */ = {isa = PBXBuildFile; fileRef = 7BE61C9D2B6E3D9C006E3CAF /* AllListViewControler.swift */; };
		7BE61CA12B6E40B7006E3CAF /* AllListReusableView.swift in Sources */ = {isa = PBXBuildFile; fileRef = 7BE61CA02B6E40B7006E3CAF /* AllListReusableView.swift */; };
		7BE61CA32B6E7A7F006E3CAF /* HeaderCell.swift in Sources */ = {isa = PBXBuildFile; fileRef = 7BE61CA22B6E7A7F006E3CAF /* HeaderCell.swift */; };
		7BE61CA62B6E7E02006E3CAF /* Test.swift in Sources */ = {isa = PBXBuildFile; fileRef = 7BE61CA52B6E7E02006E3CAF /* Test.swift */; };
		7BE61CAB2B6F9B94006E3CAF /* ViewController.swift in Sources */ = {isa = PBXBuildFile; fileRef = 7BE61CAA2B6F9B94006E3CAF /* ViewController.swift */; };
		7BE61CAD2B6F9BB4006E3CAF /* BasePageViewController.swift in Sources */ = {isa = PBXBuildFile; fileRef = 7BE61CAC2B6F9BB4006E3CAF /* BasePageViewController.swift */; };
		7BE61CAF2B6F9DC0006E3CAF /* StartOnBoard.swift in Sources */ = {isa = PBXBuildFile; fileRef = 7BE61CAE2B6F9DC0006E3CAF /* StartOnBoard.swift */; };
		7BE61CB22B6F9E40006E3CAF /* OnboardSampleImageView.swift in Sources */ = {isa = PBXBuildFile; fileRef = 7BE61CB12B6F9E40006E3CAF /* OnboardSampleImageView.swift */; };
		7BE61CB42B6FA540006E3CAF /* OnboardEnum.swift in Sources */ = {isa = PBXBuildFile; fileRef = 7BE61CB32B6FA540006E3CAF /* OnboardEnum.swift */; };
		7BE61CB62B6FA75D006E3CAF /* OnboardLabel.swift in Sources */ = {isa = PBXBuildFile; fileRef = 7BE61CB52B6FA75D006E3CAF /* OnboardLabel.swift */; };
/* End PBXBuildFile section */

/* Begin PBXFileReference section */
		7BDEF2D72B6CC2A500111D62 /* TMDBProject.app */ = {isa = PBXFileReference; explicitFileType = wrapper.application; includeInIndex = 0; path = TMDBProject.app; sourceTree = BUILT_PRODUCTS_DIR; };
		7BDEF2DA2B6CC2A500111D62 /* AppDelegate.swift */ = {isa = PBXFileReference; lastKnownFileType = sourcecode.swift; path = AppDelegate.swift; sourceTree = "<group>"; };
		7BDEF2DC2B6CC2A500111D62 /* SceneDelegate.swift */ = {isa = PBXFileReference; lastKnownFileType = sourcecode.swift; path = SceneDelegate.swift; sourceTree = "<group>"; };
		7BDEF2DE2B6CC2A500111D62 /* ReusabelIdentifier.swift */ = {isa = PBXFileReference; lastKnownFileType = sourcecode.swift; path = ReusabelIdentifier.swift; sourceTree = "<group>"; };
		7BDEF2E32B6CC2A700111D62 /* Assets.xcassets */ = {isa = PBXFileReference; lastKnownFileType = folder.assetcatalog; path = Assets.xcassets; sourceTree = "<group>"; };
		7BDEF2E62B6CC2A700111D62 /* Base */ = {isa = PBXFileReference; lastKnownFileType = file.storyboard; name = Base; path = Base.lproj/LaunchScreen.storyboard; sourceTree = "<group>"; };
		7BDEF2E82B6CC2A700111D62 /* Info.plist */ = {isa = PBXFileReference; lastKnownFileType = text.plist.xml; path = Info.plist; sourceTree = "<group>"; };
		7BDEF2EE2B6CC2B300111D62 /* APIKey.swift */ = {isa = PBXFileReference; lastKnownFileType = sourcecode.swift; path = APIKey.swift; sourceTree = "<group>"; };
		7BDEF2F02B6CC2EA00111D62 /* .gitignore */ = {isa = PBXFileReference; lastKnownFileType = text; path = .gitignore; sourceTree = "<group>"; };
		7BDEF2F42B6CC51400111D62 /* StartBaseView.swift */ = {isa = PBXFileReference; lastKnownFileType = sourcecode.swift; path = StartBaseView.swift; sourceTree = "<group>"; };
		7BDEF2F62B6CC5C800111D62 /* AllListBaseViewController.swift */ = {isa = PBXFileReference; lastKnownFileType = sourcecode.swift; path = AllListBaseViewController.swift; sourceTree = "<group>"; };
		7BDEF2F82B6CC5F100111D62 /* DetailBaseView.swift */ = {isa = PBXFileReference; lastKnownFileType = sourcecode.swift; path = DetailBaseView.swift; sourceTree = "<group>"; };
		7BDEF2FB2B6CC69500111D62 /* StartView.swift */ = {isa = PBXFileReference; lastKnownFileType = sourcecode.swift; path = StartView.swift; sourceTree = "<group>"; };
		7BDEF2FD2B6CC6EF00111D62 /* AllListView.swift */ = {isa = PBXFileReference; lastKnownFileType = sourcecode.swift; path = AllListView.swift; sourceTree = "<group>"; };
		7BDEF2FF2B6CC70B00111D62 /* DetailView.swift */ = {isa = PBXFileReference; lastKnownFileType = sourcecode.swift; path = DetailView.swift; sourceTree = "<group>"; };
		7BDEF3022B6CC7E100111D62 /* StartViewController.swift */ = {isa = PBXFileReference; lastKnownFileType = sourcecode.swift; path = StartViewController.swift; sourceTree = "<group>"; };
		7BDEF3042B6CC8C200111D62 /* BaseView.swift */ = {isa = PBXFileReference; lastKnownFileType = sourcecode.swift; path = BaseView.swift; sourceTree = "<group>"; };
		7BE61C672B6CCF5C006E3CAF /* StartViewSearchBar.swift */ = {isa = PBXFileReference; lastKnownFileType = sourcecode.swift; path = StartViewSearchBar.swift; sourceTree = "<group>"; };
		7BE61C6B2B6CD078006E3CAF /* StartViewControllerTableCell.swift */ = {isa = PBXFileReference; lastKnownFileType = sourcecode.swift; path = StartViewControllerTableCell.swift; sourceTree = "<group>"; };
		7BE61C702B6CDA0C006E3CAF /* UnderLineLabel.swift */ = {isa = PBXFileReference; lastKnownFileType = sourcecode.swift; path = UnderLineLabel.swift; sourceTree = "<group>"; };
		7BE61C722B6CDE60006E3CAF /* StartViewCollectIonvIewCell.swift */ = {isa = PBXFileReference; lastKnownFileType = sourcecode.swift; path = StartViewCollectIonvIewCell.swift; sourceTree = "<group>"; };
		7BE61C752B6CE2EB006E3CAF /* APIModel.swift */ = {isa = PBXFileReference; lastKnownFileType = sourcecode.swift; path = APIModel.swift; sourceTree = "<group>"; };
		7BE61C772B6CE301006E3CAF /* APIManager.swift */ = {isa = PBXFileReference; lastKnownFileType = sourcecode.swift; path = APIManager.swift; sourceTree = "<group>"; };
		7BE61C792B6CEFAD006E3CAF /* TMDBAPI.swift */ = {isa = PBXFileReference; lastKnownFileType = sourcecode.swift; path = TMDBAPI.swift; sourceTree = "<group>"; };
		7BE61C7E2B6D11B3006E3CAF /* ImageManager.swift */ = {isa = PBXFileReference; lastKnownFileType = sourcecode.swift; path = ImageManager.swift; sourceTree = "<group>"; };
		7BE61C812B6D26BF006E3CAF /* SectionText.swift */ = {isa = PBXFileReference; lastKnownFileType = sourcecode.swift; path = SectionText.swift; sourceTree = "<group>"; };
		7BE61C842B6D2FC1006E3CAF /* TransitionStyles.swift */ = {isa = PBXFileReference; lastKnownFileType = sourcecode.swift; path = TransitionStyles.swift; sourceTree = "<group>"; };
		7BE61C862B6D3476006E3CAF /* DetailViewController.swift */ = {isa = PBXFileReference; lastKnownFileType = sourcecode.swift; path = DetailViewController.swift; sourceTree = "<group>"; };
		7BE61C882B6D3A07006E3CAF /* DetailPosterViewCell.swift */ = {isa = PBXFileReference; lastKnownFileType = sourcecode.swift; path = DetailPosterViewCell.swift; sourceTree = "<group>"; };
		7BE61C8A2B6D3A1B006E3CAF /* BaseTableViewCell.swift */ = {isa = PBXFileReference; lastKnownFileType = sourcecode.swift; path = BaseTableViewCell.swift; sourceTree = "<group>"; };
		7BE61C8C2B6D3ABE006E3CAF /* BaseCollectionViewCell.swift */ = {isa = PBXFileReference; lastKnownFileType = sourcecode.swift; path = BaseCollectionViewCell.swift; sourceTree = "<group>"; };
		7BE61C8F2B6D3C17006E3CAF /* overviewView.swift */ = {isa = PBXFileReference; lastKnownFileType = sourcecode.swift; path = overviewView.swift; sourceTree = "<group>"; };
		7BE61C922B6D4165006E3CAF /* ReusableIdentifier.swift */ = {isa = PBXFileReference; lastKnownFileType = sourcecode.swift; path = ReusableIdentifier.swift; sourceTree = "<group>"; };
		7BE61C942B6D61E7006E3CAF /* DetailRecommendCollectionViewCell.swift */ = {isa = PBXFileReference; lastKnownFileType = sourcecode.swift; path = DetailRecommendCollectionViewCell.swift; sourceTree = "<group>"; };
		7BE61C962B6D6221006E3CAF /* DetailRecommendTableViewCell.swift */ = {isa = PBXFileReference; lastKnownFileType = sourcecode.swift; path = DetailRecommendTableViewCell.swift; sourceTree = "<group>"; };
		7BE61C982B6D65FC006E3CAF /* defaultHeaderLabel.swift */ = {isa = PBXFileReference; lastKnownFileType = sourcecode.swift; path = defaultHeaderLabel.swift; sourceTree = "<group>"; };
		7BE61C9B2B6E312F006E3CAF /* DateManager.swift */ = {isa = PBXFileReference; lastKnownFileType = sourcecode.swift; path = DateManager.swift; sourceTree = "<group>"; };
		7BE61C9D2B6E3D9C006E3CAF /* AllListViewControler.swift */ = {isa = PBXFileReference; lastKnownFileType = sourcecode.swift; path = AllListViewControler.swift; sourceTree = "<group>"; };
		7BE61CA02B6E40B7006E3CAF /* AllListReusableView.swift */ = {isa = PBXFileReference; lastKnownFileType = sourcecode.swift; path = AllListReusableView.swift; sourceTree = "<group>"; };
		7BE61CA22B6E7A7F006E3CAF /* HeaderCell.swift */ = {isa = PBXFileReference; lastKnownFileType = sourcecode.swift; path = HeaderCell.swift; sourceTree = "<group>"; };
		7BE61CA52B6E7E02006E3CAF /* Test.swift */ = {isa = PBXFileReference; lastKnownFileType = sourcecode.swift; path = Test.swift; sourceTree = "<group>"; };
		7BE61CAA2B6F9B94006E3CAF /* ViewController.swift */ = {isa = PBXFileReference; lastKnownFileType = sourcecode.swift; path = ViewController.swift; sourceTree = "<group>"; };
		7BE61CAC2B6F9BB4006E3CAF /* BasePageViewController.swift */ = {isa = PBXFileReference; lastKnownFileType = sourcecode.swift; path = BasePageViewController.swift; sourceTree = "<group>"; };
		7BE61CAE2B6F9DC0006E3CAF /* StartOnBoard.swift */ = {isa = PBXFileReference; lastKnownFileType = sourcecode.swift; path = StartOnBoard.swift; sourceTree = "<group>"; };
		7BE61CB12B6F9E40006E3CAF /* OnboardSampleImageView.swift */ = {isa = PBXFileReference; lastKnownFileType = sourcecode.swift; path = OnboardSampleImageView.swift; sourceTree = "<group>"; };
		7BE61CB32B6FA540006E3CAF /* OnboardEnum.swift */ = {isa = PBXFileReference; lastKnownFileType = sourcecode.swift; path = OnboardEnum.swift; sourceTree = "<group>"; };
		7BE61CB52B6FA75D006E3CAF /* OnboardLabel.swift */ = {isa = PBXFileReference; lastKnownFileType = sourcecode.swift; path = OnboardLabel.swift; sourceTree = "<group>"; };
/* End PBXFileReference section */

/* Begin PBXFrameworksBuildPhase section */
		7BDEF2D42B6CC2A500111D62 /* Frameworks */ = {
			isa = PBXFrameworksBuildPhase;
			buildActionMask = 2147483647;
			files = (
				7BDEF30D2B6CCB1F00111D62 /* Kingfisher in Frameworks */,
				7BDEF3102B6CCB2500111D62 /* Alamofire in Frameworks */,
				7BDEF3082B6CCB1900111D62 /* SnapKit in Frameworks */,
				7BDEF30A2B6CCB1900111D62 /* SnapKit-Dynamic in Frameworks */,
			);
			runOnlyForDeploymentPostprocessing = 0;
		};
/* End PBXFrameworksBuildPhase section */

/* Begin PBXGroup section */
		7BDEF2CE2B6CC2A500111D62 = {
			isa = PBXGroup;
			children = (
				7BDEF2F02B6CC2EA00111D62 /* .gitignore */,
				7BDEF2D92B6CC2A500111D62 /* TMDBProject */,
				7BDEF2D82B6CC2A500111D62 /* Products */,
			);
			sourceTree = "<group>";
		};
		7BDEF2D82B6CC2A500111D62 /* Products */ = {
			isa = PBXGroup;
			children = (
				7BDEF2D72B6CC2A500111D62 /* TMDBProject.app */,
			);
			name = Products;
			sourceTree = "<group>";
		};
		7BDEF2D92B6CC2A500111D62 /* TMDBProject */ = {
			isa = PBXGroup;
			children = (
				7BE61CB02B6F9E1B006E3CAF /* ImageVIews */,
				7BE61CA72B6F9A65006E3CAF /* OnboardPageView */,
				7BE61CA42B6E7DF4006E3CAF /* DelegatePlactice */,
				7BE61C9F2B6E409A006E3CAF /* Reusable */,
				7BE61C9A2B6E311C006E3CAF /* DateFormetter */,
				7BE61C912B6D4147006E3CAF /* ReueubleIdentigier */,
				7BE61C8E2B6D3BE9006E3CAF /* PosterDetailView */,
				7BE61C832B6D2F98006E3CAF /* NavigationPresentStyler */,
				7BE61C802B6D26A3006E3CAF /* SectionText */,
				7BE61C7D2B6D1197006E3CAF /* ImageManager */,
				7BE61C742B6CE2DA006E3CAF /* API */,
				7BE61C6F2B6CD9EF006E3CAF /* CustomLabel+TextField */,
				7BE61C692B6CD04E006E3CAF /* Table+CollectionViewCells */,
				7BE61C662B6CCF3E006E3CAF /* SearchBars */,
				7BDEF3012B6CC79A00111D62 /* mainViewControllers */,
				7BDEF2FA2B6CC68200111D62 /* HomeViews */,
				7BDEF2F22B6CC4E500111D62 /* BaseVIews */,
				7BDEF2DC2B6CC2A500111D62 /* SceneDelegate.swift */,
				7BDEF2DA2B6CC2A500111D62 /* AppDelegate.swift */,
				7BDEF2DE2B6CC2A500111D62 /* ReusabelIdentifier.swift */,
				7BDEF2E32B6CC2A700111D62 /* Assets.xcassets */,
				7BDEF2E52B6CC2A700111D62 /* LaunchScreen.storyboard */,
				7BDEF2E82B6CC2A700111D62 /* Info.plist */,
				7BDEF2EE2B6CC2B300111D62 /* APIKey.swift */,
			);
			path = TMDBProject;
			sourceTree = "<group>";
		};
		7BDEF2F22B6CC4E500111D62 /* BaseVIews */ = {
			isa = PBXGroup;
			children = (
				7BDEF2F32B6CC4F000111D62 /* UIViewController */,
				7BDEF3042B6CC8C200111D62 /* BaseView.swift */,
				7BE61C8A2B6D3A1B006E3CAF /* BaseTableViewCell.swift */,
				7BE61C8C2B6D3ABE006E3CAF /* BaseCollectionViewCell.swift */,
			);
			path = BaseVIews;
			sourceTree = "<group>";
		};
		7BDEF2F32B6CC4F000111D62 /* UIViewController */ = {
			isa = PBXGroup;
			children = (
				7BDEF2F42B6CC51400111D62 /* StartBaseView.swift */,
				7BDEF2F62B6CC5C800111D62 /* AllListBaseViewController.swift */,
				7BDEF2F82B6CC5F100111D62 /* DetailBaseView.swift */,
			);
			path = UIViewController;
			sourceTree = "<group>";
		};
		7BDEF2FA2B6CC68200111D62 /* HomeViews */ = {
			isa = PBXGroup;
			children = (
				7BDEF2FB2B6CC69500111D62 /* StartView.swift */,
				7BDEF2FD2B6CC6EF00111D62 /* AllListView.swift */,
				7BDEF2FF2B6CC70B00111D62 /* DetailView.swift */,
			);
			path = HomeViews;
			sourceTree = "<group>";
		};
		7BDEF3012B6CC79A00111D62 /* mainViewControllers */ = {
			isa = PBXGroup;
			children = (
				7BDEF3022B6CC7E100111D62 /* StartViewController.swift */,
				7BE61C862B6D3476006E3CAF /* DetailViewController.swift */,
				7BE61C9D2B6E3D9C006E3CAF /* AllListViewControler.swift */,
			);
			path = mainViewControllers;
			sourceTree = "<group>";
		};
		7BE61C662B6CCF3E006E3CAF /* SearchBars */ = {
			isa = PBXGroup;
			children = (
				7BE61C672B6CCF5C006E3CAF /* StartViewSearchBar.swift */,
			);
			path = SearchBars;
			sourceTree = "<group>";
		};
		7BE61C692B6CD04E006E3CAF /* Table+CollectionViewCells */ = {
			isa = PBXGroup;
			children = (
				7BE61C6B2B6CD078006E3CAF /* StartViewControllerTableCell.swift */,
				7BE61C722B6CDE60006E3CAF /* StartViewCollectIonvIewCell.swift */,
				7BE61C882B6D3A07006E3CAF /* DetailPosterViewCell.swift */,
				7BE61C942B6D61E7006E3CAF /* DetailRecommendCollectionViewCell.swift */,
				7BE61C962B6D6221006E3CAF /* DetailRecommendTableViewCell.swift */,
				7BE61CA22B6E7A7F006E3CAF /* HeaderCell.swift */,
			);
			path = "Table+CollectionViewCells";
			sourceTree = "<group>";
		};
		7BE61C6F2B6CD9EF006E3CAF /* CustomLabel+TextField */ = {
			isa = PBXGroup;
			children = (
				7BE61C702B6CDA0C006E3CAF /* UnderLineLabel.swift */,
				7BE61C982B6D65FC006E3CAF /* defaultHeaderLabel.swift */,
			);
			path = "CustomLabel+TextField";
			sourceTree = "<group>";
		};
		7BE61C742B6CE2DA006E3CAF /* API */ = {
			isa = PBXGroup;
			children = (
				7BE61C752B6CE2EB006E3CAF /* APIModel.swift */,
				7BE61C772B6CE301006E3CAF /* APIManager.swift */,
				7BE61C792B6CEFAD006E3CAF /* TMDBAPI.swift */,
			);
			path = API;
			sourceTree = "<group>";
		};
		7BE61C7D2B6D1197006E3CAF /* ImageManager */ = {
			isa = PBXGroup;
			children = (
				7BE61C7E2B6D11B3006E3CAF /* ImageManager.swift */,
			);
			path = ImageManager;
			sourceTree = "<group>";
		};
		7BE61C802B6D26A3006E3CAF /* SectionText */ = {
			isa = PBXGroup;
			children = (
				7BE61C812B6D26BF006E3CAF /* SectionText.swift */,
			);
			path = SectionText;
			sourceTree = "<group>";
		};
		7BE61C832B6D2F98006E3CAF /* NavigationPresentStyler */ = {
			isa = PBXGroup;
			children = (
				7BE61C842B6D2FC1006E3CAF /* TransitionStyles.swift */,
			);
			path = NavigationPresentStyler;
			sourceTree = "<group>";
		};
		7BE61C8E2B6D3BE9006E3CAF /* PosterDetailView */ = {
			isa = PBXGroup;
			children = (
				7BE61C8F2B6D3C17006E3CAF /* overviewView.swift */,
			);
			path = PosterDetailView;
			sourceTree = "<group>";
		};
		7BE61C912B6D4147006E3CAF /* ReueubleIdentigier */ = {
			isa = PBXGroup;
			children = (
				7BE61C922B6D4165006E3CAF /* ReusableIdentifier.swift */,
			);
			path = ReueubleIdentigier;
			sourceTree = "<group>";
		};
		7BE61C9A2B6E311C006E3CAF /* DateFormetter */ = {
			isa = PBXGroup;
			children = (
				7BE61C9B2B6E312F006E3CAF /* DateManager.swift */,
			);
			path = DateFormetter;
			sourceTree = "<group>";
		};
		7BE61C9F2B6E409A006E3CAF /* Reusable */ = {
			isa = PBXGroup;
			children = (
				7BE61CA02B6E40B7006E3CAF /* AllListReusableView.swift */,
			);
			path = Reusable;
			sourceTree = "<group>";
		};
		7BE61CA42B6E7DF4006E3CAF /* DelegatePlactice */ = {
			isa = PBXGroup;
			children = (
				7BE61CA52B6E7E02006E3CAF /* Test.swift */,
			);
			path = DelegatePlactice;
			sourceTree = "<group>";
		};
		7BE61CA72B6F9A65006E3CAF /* OnboardPageView */ = {
			isa = PBXGroup;
			children = (
				7BE61CB32B6FA540006E3CAF /* OnboardEnum.swift */,
				7BE61CA92B6F9B77006E3CAF /* ViewController */,
				7BE61CA82B6F9B69006E3CAF /* PageViewController */,
				7BE61CAC2B6F9BB4006E3CAF /* BasePageViewController.swift */,
				7BE61CB52B6FA75D006E3CAF /* OnboardLabel.swift */,
			);
			path = OnboardPageView;
			sourceTree = "<group>";
		};
		7BE61CA82B6F9B69006E3CAF /* PageViewController */ = {
			isa = PBXGroup;
			children = (
				7BE61CAA2B6F9B94006E3CAF /* ViewController.swift */,
			);
			path = PageViewController;
			sourceTree = "<group>";
		};
		7BE61CA92B6F9B77006E3CAF /* ViewController */ = {
			isa = PBXGroup;
			children = (
				7BE61CAE2B6F9DC0006E3CAF /* StartOnBoard.swift */,
			);
			path = ViewController;
			sourceTree = "<group>";
		};
		7BE61CB02B6F9E1B006E3CAF /* ImageVIews */ = {
			isa = PBXGroup;
			children = (
				7BE61CB12B6F9E40006E3CAF /* OnboardSampleImageView.swift */,
			);
			path = ImageVIews;
			sourceTree = "<group>";
		};
/* End PBXGroup section */

/* Begin PBXNativeTarget section */
		7BDEF2D62B6CC2A500111D62 /* TMDBProject */ = {
			isa = PBXNativeTarget;
			buildConfigurationList = 7BDEF2EB2B6CC2A700111D62 /* Build configuration list for PBXNativeTarget "TMDBProject" */;
			buildPhases = (
				7BDEF2D32B6CC2A500111D62 /* Sources */,
				7BDEF2D42B6CC2A500111D62 /* Frameworks */,
				7BDEF2D52B6CC2A500111D62 /* Resources */,
			);
			buildRules = (
			);
			dependencies = (
			);
			name = TMDBProject;
			packageProductDependencies = (
				7BDEF3072B6CCB1900111D62 /* SnapKit */,
				7BDEF3092B6CCB1900111D62 /* SnapKit-Dynamic */,
				7BDEF30C2B6CCB1F00111D62 /* Kingfisher */,
				7BDEF30F2B6CCB2500111D62 /* Alamofire */,
			);
			productName = TMDBProject;
			productReference = 7BDEF2D72B6CC2A500111D62 /* TMDBProject.app */;
			productType = "com.apple.product-type.application";
		};
/* End PBXNativeTarget section */

/* Begin PBXProject section */
		7BDEF2CF2B6CC2A500111D62 /* Project object */ = {
			isa = PBXProject;
			attributes = {
				BuildIndependentTargetsInParallel = 1;
				LastSwiftUpdateCheck = 1510;
				LastUpgradeCheck = 1510;
				TargetAttributes = {
					7BDEF2D62B6CC2A500111D62 = {
						CreatedOnToolsVersion = 15.1;
					};
				};
			};
			buildConfigurationList = 7BDEF2D22B6CC2A500111D62 /* Build configuration list for PBXProject "TMDBProject" */;
			compatibilityVersion = "Xcode 14.0";
			developmentRegion = en;
			hasScannedForEncodings = 0;
			knownRegions = (
				en,
				Base,
			);
			mainGroup = 7BDEF2CE2B6CC2A500111D62;
			packageReferences = (
				7BDEF3062B6CCB1900111D62 /* XCRemoteSwiftPackageReference "SnapKit" */,
				7BDEF30B2B6CCB1F00111D62 /* XCRemoteSwiftPackageReference "Kingfisher" */,
				7BDEF30E2B6CCB2500111D62 /* XCRemoteSwiftPackageReference "Alamofire" */,
			);
			productRefGroup = 7BDEF2D82B6CC2A500111D62 /* Products */;
			projectDirPath = "";
			projectRoot = "";
			targets = (
				7BDEF2D62B6CC2A500111D62 /* TMDBProject */,
			);
		};
/* End PBXProject section */

/* Begin PBXResourcesBuildPhase section */
		7BDEF2D52B6CC2A500111D62 /* Resources */ = {
			isa = PBXResourcesBuildPhase;
			buildActionMask = 2147483647;
			files = (
				7BDEF2F12B6CC2EA00111D62 /* .gitignore in Resources */,
				7BDEF2E72B6CC2A700111D62 /* LaunchScreen.storyboard in Resources */,
				7BDEF2E42B6CC2A700111D62 /* Assets.xcassets in Resources */,
			);
			runOnlyForDeploymentPostprocessing = 0;
		};
/* End PBXResourcesBuildPhase section */

/* Begin PBXSourcesBuildPhase section */
		7BDEF2D32B6CC2A500111D62 /* Sources */ = {
			isa = PBXSourcesBuildPhase;
			buildActionMask = 2147483647;
			files = (
				7BE61C682B6CCF5C006E3CAF /* StartViewSearchBar.swift in Sources */,
				7BE61C952B6D61E7006E3CAF /* DetailRecommendCollectionViewCell.swift in Sources */,
				7BDEF2DF2B6CC2A500111D62 /* ReusabelIdentifier.swift in Sources */,
				7BE61C872B6D3476006E3CAF /* DetailViewController.swift in Sources */,
				7BE61CB22B6F9E40006E3CAF /* OnboardSampleImageView.swift in Sources */,
				7BDEF2F92B6CC5F100111D62 /* DetailBaseView.swift in Sources */,
				7BE61CA12B6E40B7006E3CAF /* AllListReusableView.swift in Sources */,
				7BE61CAD2B6F9BB4006E3CAF /* BasePageViewController.swift in Sources */,
				7BE61CA32B6E7A7F006E3CAF /* HeaderCell.swift in Sources */,
				7BE61C9C2B6E312F006E3CAF /* DateManager.swift in Sources */,
				7BE61C712B6CDA0C006E3CAF /* UnderLineLabel.swift in Sources */,
				7BE61C822B6D26BF006E3CAF /* SectionText.swift in Sources */,
				7BE61C852B6D2FC1006E3CAF /* TransitionStyles.swift in Sources */,
				7BDEF2DB2B6CC2A500111D62 /* AppDelegate.swift in Sources */,
				7BE61C972B6D6221006E3CAF /* DetailRecommendTableViewCell.swift in Sources */,
				7BDEF3052B6CC8C200111D62 /* BaseView.swift in Sources */,
				7BDEF3002B6CC70B00111D62 /* DetailView.swift in Sources */,
				7BE61C902B6D3C17006E3CAF /* overviewView.swift in Sources */,
				7BE61C7A2B6CEFAD006E3CAF /* TMDBAPI.swift in Sources */,
				7BE61C8D2B6D3ABE006E3CAF /* BaseCollectionViewCell.swift in Sources */,
				7BE61CAB2B6F9B94006E3CAF /* ViewController.swift in Sources */,
				7BE61CB42B6FA540006E3CAF /* OnboardEnum.swift in Sources */,
				7BDEF2FC2B6CC69500111D62 /* StartView.swift in Sources */,
				7BDEF3032B6CC7E100111D62 /* StartViewController.swift in Sources */,
				7BE61C762B6CE2EB006E3CAF /* APIModel.swift in Sources */,
				7BE61C7F2B6D11B3006E3CAF /* ImageManager.swift in Sources */,
				7BDEF2EF2B6CC2B300111D62 /* APIKey.swift in Sources */,
				7BE61C8B2B6D3A1B006E3CAF /* BaseTableViewCell.swift in Sources */,
				7BE61C9E2B6E3D9C006E3CAF /* AllListViewControler.swift in Sources */,
				7BE61C892B6D3A07006E3CAF /* DetailPosterViewCell.swift in Sources */,
				7BE61C992B6D65FC006E3CAF /* defaultHeaderLabel.swift in Sources */,
				7BDEF2DD2B6CC2A500111D62 /* SceneDelegate.swift in Sources */,
				7BE61C932B6D4165006E3CAF /* ReusableIdentifier.swift in Sources */,
				7BE61CA62B6E7E02006E3CAF /* Test.swift in Sources */,
				7BE61CB62B6FA75D006E3CAF /* OnboardLabel.swift in Sources */,
				7BE61C782B6CE301006E3CAF /* APIManager.swift in Sources */,
				7BE61C6C2B6CD078006E3CAF /* StartViewControllerTableCell.swift in Sources */,
				7BE61CAF2B6F9DC0006E3CAF /* StartOnBoard.swift in Sources */,
				7BDEF2FE2B6CC6EF00111D62 /* AllListView.swift in Sources */,
				7BDEF2F52B6CC51400111D62 /* StartBaseView.swift in Sources */,
				7BE61C732B6CDE60006E3CAF /* StartViewCollectIonvIewCell.swift in Sources */,
				7BDEF2F72B6CC5C800111D62 /* AllListBaseViewController.swift in Sources */,
			);
			runOnlyForDeploymentPostprocessing = 0;
		};
/* End PBXSourcesBuildPhase section */

/* Begin PBXVariantGroup section */
		7BDEF2E52B6CC2A700111D62 /* LaunchScreen.storyboard */ = {
			isa = PBXVariantGroup;
			children = (
				7BDEF2E62B6CC2A700111D62 /* Base */,
			);
			name = LaunchScreen.storyboard;
			sourceTree = "<group>";
		};
/* End PBXVariantGroup section */

/* Begin XCBuildConfiguration section */
		7BDEF2E92B6CC2A700111D62 /* Debug */ = {
			isa = XCBuildConfiguration;
			buildSettings = {
				ALWAYS_SEARCH_USER_PATHS = NO;
				ASSETCATALOG_COMPILER_GENERATE_SWIFT_ASSET_SYMBOL_EXTENSIONS = YES;
				CLANG_ANALYZER_NONNULL = YES;
				CLANG_ANALYZER_NUMBER_OBJECT_CONVERSION = YES_AGGRESSIVE;
				CLANG_CXX_LANGUAGE_STANDARD = "gnu++20";
				CLANG_ENABLE_MODULES = YES;
				CLANG_ENABLE_OBJC_ARC = YES;
				CLANG_ENABLE_OBJC_WEAK = YES;
				CLANG_WARN_BLOCK_CAPTURE_AUTORELEASING = YES;
				CLANG_WARN_BOOL_CONVERSION = YES;
				CLANG_WARN_COMMA = YES;
				CLANG_WARN_CONSTANT_CONVERSION = YES;
				CLANG_WARN_DEPRECATED_OBJC_IMPLEMENTATIONS = YES;
				CLANG_WARN_DIRECT_OBJC_ISA_USAGE = YES_ERROR;
				CLANG_WARN_DOCUMENTATION_COMMENTS = YES;
				CLANG_WARN_EMPTY_BODY = YES;
				CLANG_WARN_ENUM_CONVERSION = YES;
				CLANG_WARN_INFINITE_RECURSION = YES;
				CLANG_WARN_INT_CONVERSION = YES;
				CLANG_WARN_NON_LITERAL_NULL_CONVERSION = YES;
				CLANG_WARN_OBJC_IMPLICIT_RETAIN_SELF = YES;
				CLANG_WARN_OBJC_LITERAL_CONVERSION = YES;
				CLANG_WARN_OBJC_ROOT_CLASS = YES_ERROR;
				CLANG_WARN_QUOTED_INCLUDE_IN_FRAMEWORK_HEADER = YES;
				CLANG_WARN_RANGE_LOOP_ANALYSIS = YES;
				CLANG_WARN_STRICT_PROTOTYPES = YES;
				CLANG_WARN_SUSPICIOUS_MOVE = YES;
				CLANG_WARN_UNGUARDED_AVAILABILITY = YES_AGGRESSIVE;
				CLANG_WARN_UNREACHABLE_CODE = YES;
				CLANG_WARN__DUPLICATE_METHOD_MATCH = YES;
				COPY_PHASE_STRIP = NO;
				DEBUG_INFORMATION_FORMAT = dwarf;
				ENABLE_STRICT_OBJC_MSGSEND = YES;
				ENABLE_TESTABILITY = YES;
				ENABLE_USER_SCRIPT_SANDBOXING = YES;
				GCC_C_LANGUAGE_STANDARD = gnu17;
				GCC_DYNAMIC_NO_PIC = NO;
				GCC_NO_COMMON_BLOCKS = YES;
				GCC_OPTIMIZATION_LEVEL = 0;
				GCC_PREPROCESSOR_DEFINITIONS = (
					"DEBUG=1",
					"$(inherited)",
				);
				GCC_WARN_64_TO_32_BIT_CONVERSION = YES;
				GCC_WARN_ABOUT_RETURN_TYPE = YES_ERROR;
				GCC_WARN_UNDECLARED_SELECTOR = YES;
				GCC_WARN_UNINITIALIZED_AUTOS = YES_AGGRESSIVE;
				GCC_WARN_UNUSED_FUNCTION = YES;
				GCC_WARN_UNUSED_VARIABLE = YES;
				IPHONEOS_DEPLOYMENT_TARGET = 17.2;
				LOCALIZATION_PREFERS_STRING_CATALOGS = YES;
				MTL_ENABLE_DEBUG_INFO = INCLUDE_SOURCE;
				MTL_FAST_MATH = YES;
				ONLY_ACTIVE_ARCH = YES;
				SDKROOT = iphoneos;
				SWIFT_ACTIVE_COMPILATION_CONDITIONS = "DEBUG $(inherited)";
				SWIFT_OPTIMIZATION_LEVEL = "-Onone";
			};
			name = Debug;
		};
		7BDEF2EA2B6CC2A700111D62 /* Release */ = {
			isa = XCBuildConfiguration;
			buildSettings = {
				ALWAYS_SEARCH_USER_PATHS = NO;
				ASSETCATALOG_COMPILER_GENERATE_SWIFT_ASSET_SYMBOL_EXTENSIONS = YES;
				CLANG_ANALYZER_NONNULL = YES;
				CLANG_ANALYZER_NUMBER_OBJECT_CONVERSION = YES_AGGRESSIVE;
				CLANG_CXX_LANGUAGE_STANDARD = "gnu++20";
				CLANG_ENABLE_MODULES = YES;
				CLANG_ENABLE_OBJC_ARC = YES;
				CLANG_ENABLE_OBJC_WEAK = YES;
				CLANG_WARN_BLOCK_CAPTURE_AUTORELEASING = YES;
				CLANG_WARN_BOOL_CONVERSION = YES;
				CLANG_WARN_COMMA = YES;
				CLANG_WARN_CONSTANT_CONVERSION = YES;
				CLANG_WARN_DEPRECATED_OBJC_IMPLEMENTATIONS = YES;
				CLANG_WARN_DIRECT_OBJC_ISA_USAGE = YES_ERROR;
				CLANG_WARN_DOCUMENTATION_COMMENTS = YES;
				CLANG_WARN_EMPTY_BODY = YES;
				CLANG_WARN_ENUM_CONVERSION = YES;
				CLANG_WARN_INFINITE_RECURSION = YES;
				CLANG_WARN_INT_CONVERSION = YES;
				CLANG_WARN_NON_LITERAL_NULL_CONVERSION = YES;
				CLANG_WARN_OBJC_IMPLICIT_RETAIN_SELF = YES;
				CLANG_WARN_OBJC_LITERAL_CONVERSION = YES;
				CLANG_WARN_OBJC_ROOT_CLASS = YES_ERROR;
				CLANG_WARN_QUOTED_INCLUDE_IN_FRAMEWORK_HEADER = YES;
				CLANG_WARN_RANGE_LOOP_ANALYSIS = YES;
				CLANG_WARN_STRICT_PROTOTYPES = YES;
				CLANG_WARN_SUSPICIOUS_MOVE = YES;
				CLANG_WARN_UNGUARDED_AVAILABILITY = YES_AGGRESSIVE;
				CLANG_WARN_UNREACHABLE_CODE = YES;
				CLANG_WARN__DUPLICATE_METHOD_MATCH = YES;
				COPY_PHASE_STRIP = NO;
				DEBUG_INFORMATION_FORMAT = "dwarf-with-dsym";
				ENABLE_NS_ASSERTIONS = NO;
				ENABLE_STRICT_OBJC_MSGSEND = YES;
				ENABLE_USER_SCRIPT_SANDBOXING = YES;
				GCC_C_LANGUAGE_STANDARD = gnu17;
				GCC_NO_COMMON_BLOCKS = YES;
				GCC_WARN_64_TO_32_BIT_CONVERSION = YES;
				GCC_WARN_ABOUT_RETURN_TYPE = YES_ERROR;
				GCC_WARN_UNDECLARED_SELECTOR = YES;
				GCC_WARN_UNINITIALIZED_AUTOS = YES_AGGRESSIVE;
				GCC_WARN_UNUSED_FUNCTION = YES;
				GCC_WARN_UNUSED_VARIABLE = YES;
				IPHONEOS_DEPLOYMENT_TARGET = 17.2;
				LOCALIZATION_PREFERS_STRING_CATALOGS = YES;
				MTL_ENABLE_DEBUG_INFO = NO;
				MTL_FAST_MATH = YES;
				SDKROOT = iphoneos;
				SWIFT_COMPILATION_MODE = wholemodule;
				VALIDATE_PRODUCT = YES;
			};
			name = Release;
		};
		7BDEF2EC2B6CC2A700111D62 /* Debug */ = {
			isa = XCBuildConfiguration;
			buildSettings = {
				ASSETCATALOG_COMPILER_APPICON_NAME = AppIcon;
				ASSETCATALOG_COMPILER_GLOBAL_ACCENT_COLOR_NAME = AccentColor;
				CODE_SIGN_STYLE = Automatic;
				CURRENT_PROJECT_VERSION = 1;
				DEVELOPMENT_TEAM = H25F4B7J4U;
				GENERATE_INFOPLIST_FILE = YES;
				INFOPLIST_FILE = TMDBProject/Info.plist;
				INFOPLIST_KEY_UIApplicationSupportsIndirectInputEvents = YES;
				INFOPLIST_KEY_UILaunchStoryboardName = LaunchScreen;
				INFOPLIST_KEY_UISupportedInterfaceOrientations_iPad = "UIInterfaceOrientationPortrait UIInterfaceOrientationPortraitUpsideDown UIInterfaceOrientationLandscapeLeft UIInterfaceOrientationLandscapeRight";
				INFOPLIST_KEY_UISupportedInterfaceOrientations_iPhone = "UIInterfaceOrientationPortrait UIInterfaceOrientationLandscapeLeft UIInterfaceOrientationLandscapeRight";
				LD_RUNPATH_SEARCH_PATHS = (
					"$(inherited)",
					"@executable_path/Frameworks",
				);
				MARKETING_VERSION = 1.0;
				PRODUCT_BUNDLE_IDENTIFIER = com.SilverGun.TMDBProject;
				PRODUCT_NAME = "$(TARGET_NAME)";
				SUPPORTED_PLATFORMS = "iphoneos iphonesimulator";
				SUPPORTS_MACCATALYST = NO;
				SUPPORTS_MAC_DESIGNED_FOR_IPHONE_IPAD = NO;
				SWIFT_EMIT_LOC_STRINGS = YES;
				SWIFT_VERSION = 5.0;
				TARGETED_DEVICE_FAMILY = 1;
			};
			name = Debug;
		};
		7BDEF2ED2B6CC2A700111D62 /* Release */ = {
			isa = XCBuildConfiguration;
			buildSettings = {
				ASSETCATALOG_COMPILER_APPICON_NAME = AppIcon;
				ASSETCATALOG_COMPILER_GLOBAL_ACCENT_COLOR_NAME = AccentColor;
				CODE_SIGN_STYLE = Automatic;
				CURRENT_PROJECT_VERSION = 1;
				DEVELOPMENT_TEAM = H25F4B7J4U;
				GENERATE_INFOPLIST_FILE = YES;
				INFOPLIST_FILE = TMDBProject/Info.plist;
				INFOPLIST_KEY_UIApplicationSupportsIndirectInputEvents = YES;
				INFOPLIST_KEY_UILaunchStoryboardName = LaunchScreen;
				INFOPLIST_KEY_UISupportedInterfaceOrientations_iPad = "UIInterfaceOrientationPortrait UIInterfaceOrientationPortraitUpsideDown UIInterfaceOrientationLandscapeLeft UIInterfaceOrientationLandscapeRight";
				INFOPLIST_KEY_UISupportedInterfaceOrientations_iPhone = "UIInterfaceOrientationPortrait UIInterfaceOrientationLandscapeLeft UIInterfaceOrientationLandscapeRight";
				LD_RUNPATH_SEARCH_PATHS = (
					"$(inherited)",
					"@executable_path/Frameworks",
				);
				MARKETING_VERSION = 1.0;
				PRODUCT_BUNDLE_IDENTIFIER = com.SilverGun.TMDBProject;
				PRODUCT_NAME = "$(TARGET_NAME)";
				SUPPORTED_PLATFORMS = "iphoneos iphonesimulator";
				SUPPORTS_MACCATALYST = NO;
				SUPPORTS_MAC_DESIGNED_FOR_IPHONE_IPAD = NO;
				SWIFT_EMIT_LOC_STRINGS = YES;
				SWIFT_VERSION = 5.0;
				TARGETED_DEVICE_FAMILY = 1;
			};
			name = Release;
		};
/* End XCBuildConfiguration section */

/* Begin XCConfigurationList section */
		7BDEF2D22B6CC2A500111D62 /* Build configuration list for PBXProject "TMDBProject" */ = {
			isa = XCConfigurationList;
			buildConfigurations = (
				7BDEF2E92B6CC2A700111D62 /* Debug */,
				7BDEF2EA2B6CC2A700111D62 /* Release */,
			);
			defaultConfigurationIsVisible = 0;
			defaultConfigurationName = Release;
		};
		7BDEF2EB2B6CC2A700111D62 /* Build configuration list for PBXNativeTarget "TMDBProject" */ = {
			isa = XCConfigurationList;
			buildConfigurations = (
				7BDEF2EC2B6CC2A700111D62 /* Debug */,
				7BDEF2ED2B6CC2A700111D62 /* Release */,
			);
			defaultConfigurationIsVisible = 0;
			defaultConfigurationName = Release;
		};
/* End XCConfigurationList section */

/* Begin XCRemoteSwiftPackageReference section */
		7BDEF3062B6CCB1900111D62 /* XCRemoteSwiftPackageReference "SnapKit" */ = {
			isa = XCRemoteSwiftPackageReference;
			repositoryURL = "https://github.com/SnapKit/SnapKit.git";
			requirement = {
				kind = upToNextMajorVersion;
				minimumVersion = 5.7.0;
			};
		};
		7BDEF30B2B6CCB1F00111D62 /* XCRemoteSwiftPackageReference "Kingfisher" */ = {
			isa = XCRemoteSwiftPackageReference;
			repositoryURL = "https://github.com/onevcat/Kingfisher.git";
			requirement = {
				kind = upToNextMajorVersion;
				minimumVersion = 7.10.2;
			};
		};
		7BDEF30E2B6CCB2500111D62 /* XCRemoteSwiftPackageReference "Alamofire" */ = {
			isa = XCRemoteSwiftPackageReference;
			repositoryURL = "https://github.com/Alamofire/Alamofire";
			requirement = {
				kind = upToNextMajorVersion;
				minimumVersion = 5.8.1;
			};
		};
/* End XCRemoteSwiftPackageReference section */

/* Begin XCSwiftPackageProductDependency section */
		7BDEF3072B6CCB1900111D62 /* SnapKit */ = {
			isa = XCSwiftPackageProductDependency;
			package = 7BDEF3062B6CCB1900111D62 /* XCRemoteSwiftPackageReference "SnapKit" */;
			productName = SnapKit;
		};
		7BDEF3092B6CCB1900111D62 /* SnapKit-Dynamic */ = {
			isa = XCSwiftPackageProductDependency;
			package = 7BDEF3062B6CCB1900111D62 /* XCRemoteSwiftPackageReference "SnapKit" */;
			productName = "SnapKit-Dynamic";
		};
		7BDEF30C2B6CCB1F00111D62 /* Kingfisher */ = {
			isa = XCSwiftPackageProductDependency;
			package = 7BDEF30B2B6CCB1F00111D62 /* XCRemoteSwiftPackageReference "Kingfisher" */;
			productName = Kingfisher;
		};
		7BDEF30F2B6CCB2500111D62 /* Alamofire */ = {
			isa = XCSwiftPackageProductDependency;
			package = 7BDEF30E2B6CCB2500111D62 /* XCRemoteSwiftPackageReference "Alamofire" */;
			productName = Alamofire;
		};
/* End XCSwiftPackageProductDependency section */
	};
	rootObject = 7BDEF2CF2B6CC2A500111D62 /* Project object */;
}
